
Microsoft Visual Studio Solution File, Format Version 12.00
# Visual Studio Version 16
VisualStudioVersion = 16.0.31515.178
MinimumVisualStudioVersion = 10.0.40219.1
Project("{FAE04EC0-301F-11D3-BF4B-00C04F79EFBC}") = "simulator_testing", "simulator_testing.csproj", "{9C4E945F-693E-44B1-8623-424B9F1559E7}"
EndProject
Project("{9A19103F-16F7-4668-BE54-9A1E7A4F7556}") = "simulator_libary", "..\simulator_libary\simulator_libary.csproj", "{5D0CB07F-CCCD-49CB-B913-C211C75F8BEF}"
EndProject
Global
	GlobalSection(SolutionConfigurationPlatforms) = preSolution
		Debug|Any CPU = Debug|Any CPU
		Release|Any CPU = Release|Any CPU
	EndGlobalSection
	GlobalSection(ProjectConfigurationPlatforms) = postSolution
		{9C4E945F-693E-44B1-8623-424B9F1559E7}.Debug|Any CPU.ActiveCfg = Debug|Any CPU
		{9C4E945F-693E-44B1-8623-424B9F1559E7}.Debug|Any CPU.Build.0 = Debug|Any CPU
		{9C4E945F-693E-44B1-8623-424B9F1559E7}.Release|Any CPU.ActiveCfg = Release|Any CPU
		{9C4E945F-693E-44B1-8623-424B9F1559E7}.Release|Any CPU.Build.0 = Release|Any CPU
		{5D0CB07F-CCCD-49CB-B913-C211C75F8BEF}.Debug|Any CPU.ActiveCfg = Debug|Any CPU
		{5D0CB07F-CCCD-49CB-B913-C211C75F8BEF}.Debug|Any CPU.Build.0 = Debug|Any CPU
		{5D0CB07F-CCCD-49CB-B913-C211C75F8BEF}.Release|Any CPU.ActiveCfg = Release|Any CPU
		{5D0CB07F-CCCD-49CB-B913-C211C75F8BEF}.Release|Any CPU.Build.0 = Release|Any CPU
	EndGlobalSection
	GlobalSection(SolutionProperties) = preSolution
		HideSolutionNode = FALSE
	EndGlobalSection
	GlobalSection(ExtensibilityGlobals) = postSolution
		SolutionGuid = {25FC01CC-0587-427C-B7B5-4CDD6C3FC6B0}
	EndGlobalSection
EndGlobal
